
Microsoft Visual Studio Solution File, Format Version 12.00
# Visual Studio Version 17
VisualStudioVersion = 17.9.34616.47
MinimumVisualStudioVersion = 10.0.40219.1
Project("{FAE04EC0-301F-11D3-BF4B-00C04F79EFBC}") = "Laboratornaya 2.3", "Laboratornaya 2.3.csproj", "{0499B3B5-BA35-45E8-B010-867FE8CBB9FC}"
EndProject
Global
	GlobalSection(SolutionConfigurationPlatforms) = preSolution
		Debug|Any CPU = Debug|Any CPU
		Release|Any CPU = Release|Any CPU
	EndGlobalSection
	GlobalSection(ProjectConfigurationPlatforms) = postSolution
		{0499B3B5-BA35-45E8-B010-867FE8CBB9FC}.Debug|Any CPU.ActiveCfg = Debug|Any CPU
		{0499B3B5-BA35-45E8-B010-867FE8CBB9FC}.Debug|Any CPU.Build.0 = Debug|Any CPU
		{0499B3B5-BA35-45E8-B010-867FE8CBB9FC}.Release|Any CPU.ActiveCfg = Release|Any CPU
		{0499B3B5-BA35-45E8-B010-867FE8CBB9FC}.Release|Any CPU.Build.0 = Release|Any CPU
	EndGlobalSection
	GlobalSection(SolutionProperties) = preSolution
		HideSolutionNode = FALSE
	EndGlobalSection
	GlobalSection(ExtensibilityGlobals) = postSolution
		SolutionGuid = {6C1162CD-74CC-41E1-9F4A-446806F9907A}
	EndGlobalSection
EndGlobal
